
Microsoft Visual Studio Solution File, Format Version 12.00
# Visual Studio 2017
Project("{FAE04EC0-301F-11D3-BF4B-00C04F79EFBC}") = "AT.Editor", "AT.Editor.csproj", "{3ABFE358-EEB8-4AC8-E5E6-A598BB6217DD}"
EndProject
Global
	GlobalSection(SolutionConfigurationPlatforms) = preSolution
		Debug|Any CPU = Debug|Any CPU
		Release|Any CPU = Release|Any CPU
	EndGlobalSection
	GlobalSection(ProjectConfigurationPlatforms) = postSolution
		{3ABFE358-EEB8-4AC8-E5E6-A598BB6217DD}.Debug|Any CPU.ActiveCfg = Debug|Any CPU
		{3ABFE358-EEB8-4AC8-E5E6-A598BB6217DD}.Debug|Any CPU.Build.0 = Debug|Any CPU
		{3ABFE358-EEB8-4AC8-E5E6-A598BB6217DD}.Release|Any CPU.ActiveCfg = Release|Any CPU
		{3ABFE358-EEB8-4AC8-E5E6-A598BB6217DD}.Release|Any CPU.Build.0 = Release|Any CPU
	EndGlobalSection
	GlobalSection(SolutionProperties) = preSolution
		HideSolutionNode = FALSE
	EndGlobalSection
EndGlobal
